
Microsoft Visual Studio Solution File, Format Version 12.00
# Visual Studio Version 17
VisualStudioVersion = 17.9.34728.123
MinimumVisualStudioVersion = 10.0.40219.1
Project("{FAE04EC0-301F-11D3-BF4B-00C04F79EFBC}") = "EksamensQuickfireHelper", "EksamensQuickfireHelper\EksamensQuickfireHelper.csproj", "{7294835E-3EE4-47A3-9A22-29A0A3C69F6D}"
EndProject
Global
	GlobalSection(SolutionConfigurationPlatforms) = preSolution
		Debug|Any CPU = Debug|Any CPU
		Release|Any CPU = Release|Any CPU
	EndGlobalSection
	GlobalSection(ProjectConfigurationPlatforms) = postSolution
		{7294835E-3EE4-47A3-9A22-29A0A3C69F6D}.Debug|Any CPU.ActiveCfg = Debug|Any CPU
		{7294835E-3EE4-47A3-9A22-29A0A3C69F6D}.Debug|Any CPU.Build.0 = Debug|Any CPU
		{7294835E-3EE4-47A3-9A22-29A0A3C69F6D}.Release|Any CPU.ActiveCfg = Release|Any CPU
		{7294835E-3EE4-47A3-9A22-29A0A3C69F6D}.Release|Any CPU.Build.0 = Release|Any CPU
	EndGlobalSection
	GlobalSection(SolutionProperties) = preSolution
		HideSolutionNode = FALSE
	EndGlobalSection
	GlobalSection(ExtensibilityGlobals) = postSolution
		SolutionGuid = {9681CAB8-F0A7-4A9C-8641-9578033BAA62}
	EndGlobalSection
EndGlobal
